{
  "name": "wasm-bindgen-lite-example-offset-split",
  "version": "0.0.0",
  "lockfileVersion": 3,
  "requires": true,
  "packages": {
    "": {
      "name": "wasm-bindgen-lite-example-offset-split",
      "version": "0.0.0",
      "devDependencies": {
        "wasm-bindgen-lite": "file:../.."
      }
    },
    "../..": {
      "version": "0.1.0",
      "dev": true,
      "license": "MIT",
      "bin": {
        "wasm-bindgen-lite": "bin/wasm-bindgen-lite.js"
      },
      "devDependencies": {
        "base64-js": "^1.5.1"
      }
    },
    "node_modules/wasm-bindgen-lite": {
      "resolved": "../..",
      "link": true
    }
  }
}
