# This file is automatically @generated by Cargo.
# It is not intended for manual editing.
version = 4

[[package]]
name = "wasm-bindgen-lite"
version = "0.1.0"

[[package]]
name = "wasm-bindgen-lite-example-browser"
version = "0.1.0"

[[package]]
name = "wasm-bindgen-lite-example-node"
version = "0.1.0"

[[package]]
name = "wasm-bindgen-lite-example-offset-split"
version = "0.1.0"

[[package]]
name = "wasm-bindgen-lite-example-simd-sum"
version = "0.1.0"

[[package]]
name = "wasm-bindgen-lite-example-streaming-lines"
version = "0.1.0"
